
Microsoft Visual Studio Solution File, Format Version 12.00
# Visual Studio 15
VisualStudioVersion = 15.0.27703.2026
MinimumVisualStudioVersion = 10.0.40219.1
Project("{FAE04EC0-301F-11D3-BF4B-00C04F79EFBC}") = "Calculator with mordern UI", "Calculator with mordern UI\Calculator with mordern UI.csproj", "{2B50C7DA-5805-425E-87BB-C451B3CE35DF}"
EndProject
Global
	GlobalSection(SolutionConfigurationPlatforms) = preSolution
		Debug|Any CPU = Debug|Any CPU
		Release|Any CPU = Release|Any CPU
	EndGlobalSection
	GlobalSection(ProjectConfigurationPlatforms) = postSolution
		{2B50C7DA-5805-425E-87BB-C451B3CE35DF}.Debug|Any CPU.ActiveCfg = Debug|Any CPU
		{2B50C7DA-5805-425E-87BB-C451B3CE35DF}.Debug|Any CPU.Build.0 = Debug|Any CPU
		{2B50C7DA-5805-425E-87BB-C451B3CE35DF}.Release|Any CPU.ActiveCfg = Release|Any CPU
		{2B50C7DA-5805-425E-87BB-C451B3CE35DF}.Release|Any CPU.Build.0 = Release|Any CPU
	EndGlobalSection
	GlobalSection(SolutionProperties) = preSolution
		HideSolutionNode = FALSE
	EndGlobalSection
	GlobalSection(ExtensibilityGlobals) = postSolution
		SolutionGuid = {810DEAE9-4B03-4ED6-A210-2EE5C119ADF4}
	EndGlobalSection
EndGlobal
